
Microsoft Visual Studio Solution File, Format Version 12.00
# Visual Studio Version 17
VisualStudioVersion = 17.1.32414.318
MinimumVisualStudioVersion = 10.0.40219.1
Project("{9A19103F-16F7-4668-BE54-9A1E7A4F7556}") = "SoloX.CodeQuality.Prod", "src\libs\SoloX.CodeQuality.Prod\SoloX.CodeQuality.Prod.csproj", "{9785BB59-DC3D-46CF-B45C-DF4DBE6F0B2F}"
EndProject
Project("{9A19103F-16F7-4668-BE54-9A1E7A4F7556}") = "SoloX.CodeQuality.Test", "src\libs\SoloX.CodeQuality.Test\SoloX.CodeQuality.Test.csproj", "{46DE472E-6200-47A1-9874-3B54952DFF81}"
EndProject
Project("{2150E333-8FDC-42A3-9474-1A3956D46DE8}") = "Documents", "Documents", "{57F5BB2E-CD03-470B-BF16-31FE02A386B1}"
	ProjectSection(SolutionItems) = preProject
		LICENSE = LICENSE
		README.md = README.md
		src\SharedProperties.props = src\SharedProperties.props
	EndProjectSection
EndProject
Project("{9A19103F-16F7-4668-BE54-9A1E7A4F7556}") = "SoloX.CodeQuality.Test.Helpers", "src\libs\SoloX.CodeQuality.Test.Helpers\SoloX.CodeQuality.Test.Helpers.csproj", "{B4ED680E-2B7B-4DFE-87E6-A3CBEE75C3DD}"
EndProject
Project("{9A19103F-16F7-4668-BE54-9A1E7A4F7556}") = "SoloX.CodeQuality.Prod.Example", "src\examples\SoloX.CodeQuality.Prod.Example\SoloX.CodeQuality.Prod.Example.csproj", "{6FB11F33-250F-4DE8-934A-F63CDC8976D6}"
EndProject
Project("{2150E333-8FDC-42A3-9474-1A3956D46DE8}") = "Examples", "Examples", "{B1962CF8-DE8C-42AA-BC4E-99E99D722E26}"
EndProject
Project("{2150E333-8FDC-42A3-9474-1A3956D46DE8}") = "Libs", "Libs", "{5B172423-1455-41CB-8D81-7DCFCFF8855D}"
EndProject
Project("{9A19103F-16F7-4668-BE54-9A1E7A4F7556}") = "SoloX.CodeQuality.Test.Example", "src\examples\SoloX.CodeQuality.Test.Example\SoloX.CodeQuality.Test.Example.csproj", "{E4FAC4E6-2853-4464-B78F-6BAB619EEF8D}"
EndProject
Project("{2150E333-8FDC-42A3-9474-1A3956D46DE8}") = "Build", "Build", "{4EA08750-259C-4D7B-9B9C-5A56DBD4775E}"
	ProjectSection(SolutionItems) = preProject
		.github\workflows\build-ci.yml = .github\workflows\build-ci.yml
		.github\workflows\build-pr.yml = .github\workflows\build-pr.yml
	EndProjectSection
EndProject
Project("{2150E333-8FDC-42A3-9474-1A3956D46DE8}") = "Tests", "Tests", "{1D5021C0-2423-494A-98F6-71AB937CDF8B}"
EndProject
Project("{9A19103F-16F7-4668-BE54-9A1E7A4F7556}") = "SoloX.CodeQuality.Test.Helpers.UTest", "src\tests\SoloX.CodeQuality.Test.Helpers.UTest\SoloX.CodeQuality.Test.Helpers.UTest.csproj", "{4D9D7FB7-CB50-4F61-92E7-A2CD669B15A7}"
EndProject
Project("{9A19103F-16F7-4668-BE54-9A1E7A4F7556}") = "SoloX.CodeQuality.Test.Helpers.XUnit", "src\libs\SoloX.CodeQuality.Test.Helpers.XUnit\SoloX.CodeQuality.Test.Helpers.XUnit.csproj", "{460A9E21-4998-4AA1-99A1-42A30B6112FB}"
EndProject
Project("{9A19103F-16F7-4668-BE54-9A1E7A4F7556}") = "SoloX.CodeQuality.Test.Helpers.NUnit", "src\libs\SoloX.CodeQuality.Test.Helpers.NUnit\SoloX.CodeQuality.Test.Helpers.NUnit.csproj", "{2913D504-F7A0-4F31-83EA-D6C94BD9FB03}"
EndProject
Project("{9A19103F-16F7-4668-BE54-9A1E7A4F7556}") = "SoloX.CodeQuality.Test.Helpers.XUnit.UTest", "src\tests\SoloX.CodeQuality.Test.Helpers.XUnit.UTest\SoloX.CodeQuality.Test.Helpers.XUnit.UTest.csproj", "{288CF25A-DE2B-4A81-9EC6-DEA992E5A1A4}"
EndProject
Project("{9A19103F-16F7-4668-BE54-9A1E7A4F7556}") = "SoloX.CodeQuality.Test.Helpers.NUnit.UTest", "src\tests\SoloX.CodeQuality.Test.Helpers.NUnit.UTest\SoloX.CodeQuality.Test.Helpers.NUnit.UTest.csproj", "{972FDF9D-742F-4434-A6B8-2AB40B17A8A0}"
EndProject
Project("{FAE04EC0-301F-11D3-BF4B-00C04F79EFBC}") = "SoloX.CodeQuality.WebHost", "src\libs\SoloX.CodeQuality.WebHost\SoloX.CodeQuality.WebHost.csproj", "{3507CA64-D718-427E-BA4F-40986B34F56A}"
EndProject
Project("{FAE04EC0-301F-11D3-BF4B-00C04F79EFBC}") = "SoloX.CodeQuality.Playwright", "src\libs\SoloX.CodeQuality.Playwright\SoloX.CodeQuality.Playwright.csproj", "{B339195D-10B0-471F-9401-F883B18838CE}"
EndProject
Project("{FAE04EC0-301F-11D3-BF4B-00C04F79EFBC}") = "SoloX.CodeQuality.Playwright.E2ETest", "src\tests\SoloX.CodeQuality.Playwright.E2ETest\SoloX.CodeQuality.Playwright.E2ETest.csproj", "{D0CDEC61-7956-4F49-AC4D-C0DA3063969F}"
EndProject
Project("{FAE04EC0-301F-11D3-BF4B-00C04F79EFBC}") = "SoloX.CodeQuality.TestTool", "src\tests\SoloX.CodeQuality.TestTool\SoloX.CodeQuality.TestTool.csproj", "{C92C3947-9EBB-43E3-9104-58CADE937BB3}"
EndProject
Global
	GlobalSection(SolutionConfigurationPlatforms) = preSolution
		Debug|Any CPU = Debug|Any CPU
		Release|Any CPU = Release|Any CPU
	EndGlobalSection
	GlobalSection(ProjectConfigurationPlatforms) = postSolution
		{9785BB59-DC3D-46CF-B45C-DF4DBE6F0B2F}.Debug|Any CPU.ActiveCfg = Debug|Any CPU
		{9785BB59-DC3D-46CF-B45C-DF4DBE6F0B2F}.Debug|Any CPU.Build.0 = Debug|Any CPU
		{9785BB59-DC3D-46CF-B45C-DF4DBE6F0B2F}.Release|Any CPU.ActiveCfg = Release|Any CPU
		{9785BB59-DC3D-46CF-B45C-DF4DBE6F0B2F}.Release|Any CPU.Build.0 = Release|Any CPU
		{46DE472E-6200-47A1-9874-3B54952DFF81}.Debug|Any CPU.ActiveCfg = Debug|Any CPU
		{46DE472E-6200-47A1-9874-3B54952DFF81}.Debug|Any CPU.Build.0 = Debug|Any CPU
		{46DE472E-6200-47A1-9874-3B54952DFF81}.Release|Any CPU.ActiveCfg = Release|Any CPU
		{46DE472E-6200-47A1-9874-3B54952DFF81}.Release|Any CPU.Build.0 = Release|Any CPU
		{B4ED680E-2B7B-4DFE-87E6-A3CBEE75C3DD}.Debug|Any CPU.ActiveCfg = Debug|Any CPU
		{B4ED680E-2B7B-4DFE-87E6-A3CBEE75C3DD}.Debug|Any CPU.Build.0 = Debug|Any CPU
		{B4ED680E-2B7B-4DFE-87E6-A3CBEE75C3DD}.Release|Any CPU.ActiveCfg = Release|Any CPU
		{B4ED680E-2B7B-4DFE-87E6-A3CBEE75C3DD}.Release|Any CPU.Build.0 = Release|Any CPU
		{6FB11F33-250F-4DE8-934A-F63CDC8976D6}.Debug|Any CPU.ActiveCfg = Debug|Any CPU
		{6FB11F33-250F-4DE8-934A-F63CDC8976D6}.Debug|Any CPU.Build.0 = Debug|Any CPU
		{6FB11F33-250F-4DE8-934A-F63CDC8976D6}.Release|Any CPU.ActiveCfg = Release|Any CPU
		{6FB11F33-250F-4DE8-934A-F63CDC8976D6}.Release|Any CPU.Build.0 = Release|Any CPU
		{E4FAC4E6-2853-4464-B78F-6BAB619EEF8D}.Debug|Any CPU.ActiveCfg = Debug|Any CPU
		{E4FAC4E6-2853-4464-B78F-6BAB619EEF8D}.Debug|Any CPU.Build.0 = Debug|Any CPU
		{E4FAC4E6-2853-4464-B78F-6BAB619EEF8D}.Release|Any CPU.ActiveCfg = Release|Any CPU
		{E4FAC4E6-2853-4464-B78F-6BAB619EEF8D}.Release|Any CPU.Build.0 = Release|Any CPU
		{4D9D7FB7-CB50-4F61-92E7-A2CD669B15A7}.Debug|Any CPU.ActiveCfg = Debug|Any CPU
		{4D9D7FB7-CB50-4F61-92E7-A2CD669B15A7}.Debug|Any CPU.Build.0 = Debug|Any CPU
		{4D9D7FB7-CB50-4F61-92E7-A2CD669B15A7}.Release|Any CPU.ActiveCfg = Release|Any CPU
		{4D9D7FB7-CB50-4F61-92E7-A2CD669B15A7}.Release|Any CPU.Build.0 = Release|Any CPU
		{460A9E21-4998-4AA1-99A1-42A30B6112FB}.Debug|Any CPU.ActiveCfg = Debug|Any CPU
		{460A9E21-4998-4AA1-99A1-42A30B6112FB}.Debug|Any CPU.Build.0 = Debug|Any CPU
		{460A9E21-4998-4AA1-99A1-42A30B6112FB}.Release|Any CPU.ActiveCfg = Release|Any CPU
		{460A9E21-4998-4AA1-99A1-42A30B6112FB}.Release|Any CPU.Build.0 = Release|Any CPU
		{2913D504-F7A0-4F31-83EA-D6C94BD9FB03}.Debug|Any CPU.ActiveCfg = Debug|Any CPU
		{2913D504-F7A0-4F31-83EA-D6C94BD9FB03}.Debug|Any CPU.Build.0 = Debug|Any CPU
		{2913D504-F7A0-4F31-83EA-D6C94BD9FB03}.Release|Any CPU.ActiveCfg = Release|Any CPU
		{2913D504-F7A0-4F31-83EA-D6C94BD9FB03}.Release|Any CPU.Build.0 = Release|Any CPU
		{288CF25A-DE2B-4A81-9EC6-DEA992E5A1A4}.Debug|Any CPU.ActiveCfg = Debug|Any CPU
		{288CF25A-DE2B-4A81-9EC6-DEA992E5A1A4}.Debug|Any CPU.Build.0 = Debug|Any CPU
		{288CF25A-DE2B-4A81-9EC6-DEA992E5A1A4}.Release|Any CPU.ActiveCfg = Release|Any CPU
		{288CF25A-DE2B-4A81-9EC6-DEA992E5A1A4}.Release|Any CPU.Build.0 = Release|Any CPU
		{972FDF9D-742F-4434-A6B8-2AB40B17A8A0}.Debug|Any CPU.ActiveCfg = Debug|Any CPU
		{972FDF9D-742F-4434-A6B8-2AB40B17A8A0}.Debug|Any CPU.Build.0 = Debug|Any CPU
		{972FDF9D-742F-4434-A6B8-2AB40B17A8A0}.Release|Any CPU.ActiveCfg = Release|Any CPU
		{972FDF9D-742F-4434-A6B8-2AB40B17A8A0}.Release|Any CPU.Build.0 = Release|Any CPU
		{3507CA64-D718-427E-BA4F-40986B34F56A}.Debug|Any CPU.ActiveCfg = Debug|Any CPU
		{3507CA64-D718-427E-BA4F-40986B34F56A}.Debug|Any CPU.Build.0 = Debug|Any CPU
		{3507CA64-D718-427E-BA4F-40986B34F56A}.Release|Any CPU.ActiveCfg = Release|Any CPU
		{3507CA64-D718-427E-BA4F-40986B34F56A}.Release|Any CPU.Build.0 = Release|Any CPU
		{B339195D-10B0-471F-9401-F883B18838CE}.Debug|Any CPU.ActiveCfg = Debug|Any CPU
		{B339195D-10B0-471F-9401-F883B18838CE}.Debug|Any CPU.Build.0 = Debug|Any CPU
		{B339195D-10B0-471F-9401-F883B18838CE}.Release|Any CPU.ActiveCfg = Release|Any CPU
		{B339195D-10B0-471F-9401-F883B18838CE}.Release|Any CPU.Build.0 = Release|Any CPU
		{D0CDEC61-7956-4F49-AC4D-C0DA3063969F}.Debug|Any CPU.ActiveCfg = Debug|Any CPU
		{D0CDEC61-7956-4F49-AC4D-C0DA3063969F}.Debug|Any CPU.Build.0 = Debug|Any CPU
		{D0CDEC61-7956-4F49-AC4D-C0DA3063969F}.Release|Any CPU.ActiveCfg = Release|Any CPU
		{D0CDEC61-7956-4F49-AC4D-C0DA3063969F}.Release|Any CPU.Build.0 = Release|Any CPU
		{C92C3947-9EBB-43E3-9104-58CADE937BB3}.Debug|Any CPU.ActiveCfg = Debug|Any CPU
		{C92C3947-9EBB-43E3-9104-58CADE937BB3}.Debug|Any CPU.Build.0 = Debug|Any CPU
		{C92C3947-9EBB-43E3-9104-58CADE937BB3}.Release|Any CPU.ActiveCfg = Release|Any CPU
		{C92C3947-9EBB-43E3-9104-58CADE937BB3}.Release|Any CPU.Build.0 = Release|Any CPU
	EndGlobalSection
	GlobalSection(SolutionProperties) = preSolution
		HideSolutionNode = FALSE
	EndGlobalSection
	GlobalSection(NestedProjects) = preSolution
		{9785BB59-DC3D-46CF-B45C-DF4DBE6F0B2F} = {5B172423-1455-41CB-8D81-7DCFCFF8855D}
		{46DE472E-6200-47A1-9874-3B54952DFF81} = {5B172423-1455-41CB-8D81-7DCFCFF8855D}
		{B4ED680E-2B7B-4DFE-87E6-A3CBEE75C3DD} = {5B172423-1455-41CB-8D81-7DCFCFF8855D}
		{6FB11F33-250F-4DE8-934A-F63CDC8976D6} = {B1962CF8-DE8C-42AA-BC4E-99E99D722E26}
		{E4FAC4E6-2853-4464-B78F-6BAB619EEF8D} = {B1962CF8-DE8C-42AA-BC4E-99E99D722E26}
		{4D9D7FB7-CB50-4F61-92E7-A2CD669B15A7} = {1D5021C0-2423-494A-98F6-71AB937CDF8B}
		{460A9E21-4998-4AA1-99A1-42A30B6112FB} = {5B172423-1455-41CB-8D81-7DCFCFF8855D}
		{2913D504-F7A0-4F31-83EA-D6C94BD9FB03} = {5B172423-1455-41CB-8D81-7DCFCFF8855D}
		{288CF25A-DE2B-4A81-9EC6-DEA992E5A1A4} = {1D5021C0-2423-494A-98F6-71AB937CDF8B}
		{972FDF9D-742F-4434-A6B8-2AB40B17A8A0} = {1D5021C0-2423-494A-98F6-71AB937CDF8B}
		{3507CA64-D718-427E-BA4F-40986B34F56A} = {5B172423-1455-41CB-8D81-7DCFCFF8855D}
		{B339195D-10B0-471F-9401-F883B18838CE} = {5B172423-1455-41CB-8D81-7DCFCFF8855D}
		{D0CDEC61-7956-4F49-AC4D-C0DA3063969F} = {1D5021C0-2423-494A-98F6-71AB937CDF8B}
		{C92C3947-9EBB-43E3-9104-58CADE937BB3} = {1D5021C0-2423-494A-98F6-71AB937CDF8B}
	EndGlobalSection
	GlobalSection(ExtensibilityGlobals) = postSolution
		SolutionGuid = {74BCF463-5FDE-4DBC-B32A-431E8A228CA0}
	EndGlobalSection
EndGlobal
