
Microsoft Visual Studio Solution File, Format Version 12.00
# Visual Studio Version 16
VisualStudioVersion = 16.0.29215.179
MinimumVisualStudioVersion = 10.0.40219.1
Project("{9A19103F-16F7-4668-BE54-9A1E7A4F7556}") = "SoloX.CodeQuality.Prod", "src\libs\SoloX.CodeQuality.Prod\SoloX.CodeQuality.Prod.csproj", "{9785BB59-DC3D-46CF-B45C-DF4DBE6F0B2F}"
EndProject
Project("{9A19103F-16F7-4668-BE54-9A1E7A4F7556}") = "SoloX.CodeQuality.Test", "src\libs\SoloX.CodeQuality.Test\SoloX.CodeQuality.Test.csproj", "{46DE472E-6200-47A1-9874-3B54952DFF81}"
EndProject
Project("{2150E333-8FDC-42A3-9474-1A3956D46DE8}") = "Documents", "Documents", "{57F5BB2E-CD03-470B-BF16-31FE02A386B1}"
	ProjectSection(SolutionItems) = preProject
		LICENSE = LICENSE
		README.md = README.md
		src\SharedProperties.props = src\SharedProperties.props
	EndProjectSection
EndProject
Project("{FAE04EC0-301F-11D3-BF4B-00C04F79EFBC}") = "SoloX.CodeQuality.Test.Helpers", "src\libs\SoloX.CodeQuality.Test.Helpers\SoloX.CodeQuality.Test.Helpers.csproj", "{B4ED680E-2B7B-4DFE-87E6-A3CBEE75C3DD}"
EndProject
Global
	GlobalSection(SolutionConfigurationPlatforms) = preSolution
		Debug|Any CPU = Debug|Any CPU
		Release|Any CPU = Release|Any CPU
	EndGlobalSection
	GlobalSection(ProjectConfigurationPlatforms) = postSolution
		{9785BB59-DC3D-46CF-B45C-DF4DBE6F0B2F}.Debug|Any CPU.ActiveCfg = Debug|Any CPU
		{9785BB59-DC3D-46CF-B45C-DF4DBE6F0B2F}.Debug|Any CPU.Build.0 = Debug|Any CPU
		{9785BB59-DC3D-46CF-B45C-DF4DBE6F0B2F}.Release|Any CPU.ActiveCfg = Release|Any CPU
		{9785BB59-DC3D-46CF-B45C-DF4DBE6F0B2F}.Release|Any CPU.Build.0 = Release|Any CPU
		{46DE472E-6200-47A1-9874-3B54952DFF81}.Debug|Any CPU.ActiveCfg = Debug|Any CPU
		{46DE472E-6200-47A1-9874-3B54952DFF81}.Debug|Any CPU.Build.0 = Debug|Any CPU
		{46DE472E-6200-47A1-9874-3B54952DFF81}.Release|Any CPU.ActiveCfg = Release|Any CPU
		{46DE472E-6200-47A1-9874-3B54952DFF81}.Release|Any CPU.Build.0 = Release|Any CPU
		{B4ED680E-2B7B-4DFE-87E6-A3CBEE75C3DD}.Debug|Any CPU.ActiveCfg = Debug|Any CPU
		{B4ED680E-2B7B-4DFE-87E6-A3CBEE75C3DD}.Debug|Any CPU.Build.0 = Debug|Any CPU
		{B4ED680E-2B7B-4DFE-87E6-A3CBEE75C3DD}.Release|Any CPU.ActiveCfg = Release|Any CPU
		{B4ED680E-2B7B-4DFE-87E6-A3CBEE75C3DD}.Release|Any CPU.Build.0 = Release|Any CPU
	EndGlobalSection
	GlobalSection(SolutionProperties) = preSolution
		HideSolutionNode = FALSE
	EndGlobalSection
	GlobalSection(ExtensibilityGlobals) = postSolution
		SolutionGuid = {74BCF463-5FDE-4DBC-B32A-431E8A228CA0}
	EndGlobalSection
EndGlobal
