
Microsoft Visual Studio Solution File, Format Version 12.00
# Visual Studio Version 17
VisualStudioVersion = 17.11.35312.102
MinimumVisualStudioVersion = 10.0.40219.1
Project("{FAE04EC0-301F-11D3-BF4B-00C04F79EFBC}") = "PackageNugetTestProject", "PackageNugetTestProject\PackageNugetTestProject.csproj", "{2F1F30D8-222F-4038-816C-AEFB2EC5F366}"
EndProject
Global
	GlobalSection(SolutionConfigurationPlatforms) = preSolution
		Debug|Any CPU = Debug|Any CPU
		Release|Any CPU = Release|Any CPU
	EndGlobalSection
	GlobalSection(ProjectConfigurationPlatforms) = postSolution
		{2F1F30D8-222F-4038-816C-AEFB2EC5F366}.Debug|Any CPU.ActiveCfg = Debug|Any CPU
		{2F1F30D8-222F-4038-816C-AEFB2EC5F366}.Debug|Any CPU.Build.0 = Debug|Any CPU
		{2F1F30D8-222F-4038-816C-AEFB2EC5F366}.Release|Any CPU.ActiveCfg = Release|Any CPU
		{2F1F30D8-222F-4038-816C-AEFB2EC5F366}.Release|Any CPU.Build.0 = Release|Any CPU
	EndGlobalSection
	GlobalSection(SolutionProperties) = preSolution
		HideSolutionNode = FALSE
	EndGlobalSection
	GlobalSection(ExtensibilityGlobals) = postSolution
		SolutionGuid = {3C050F19-F497-46D6-8BFD-DA61EE10FBBB}
	EndGlobalSection
EndGlobal
